
Microsoft Visual Studio Solution File, Format Version 12.00
# Visual Studio Version 16
VisualStudioVersion = 16.0.31424.327
MinimumVisualStudioVersion = 10.0.40219.1
Project("{FAE04EC0-301F-11D3-BF4B-00C04F79EFBC}") = "Darkit.SQLServer", "Darkit.SQLServer\Darkit.SQLServer.csproj", "{7CD1F78F-EAC5-4A59-8728-4083365AD4E5}"
EndProject
Project("{FAE04EC0-301F-11D3-BF4B-00C04F79EFBC}") = "Darkit.SQLServer.Demo", "Darkit.SQLServer.Demo\Darkit.SQLServer.Demo.csproj", "{1EC034B6-9B02-4C55-A44E-FA45A1FC4B57}"
EndProject
Global
	GlobalSection(SolutionConfigurationPlatforms) = preSolution
		Debug|Any CPU = Debug|Any CPU
		Release|Any CPU = Release|Any CPU
	EndGlobalSection
	GlobalSection(ProjectConfigurationPlatforms) = postSolution
		{7CD1F78F-EAC5-4A59-8728-4083365AD4E5}.Debug|Any CPU.ActiveCfg = Debug|Any CPU
		{7CD1F78F-EAC5-4A59-8728-4083365AD4E5}.Debug|Any CPU.Build.0 = Debug|Any CPU
		{7CD1F78F-EAC5-4A59-8728-4083365AD4E5}.Release|Any CPU.ActiveCfg = Release|Any CPU
		{7CD1F78F-EAC5-4A59-8728-4083365AD4E5}.Release|Any CPU.Build.0 = Release|Any CPU
		{1EC034B6-9B02-4C55-A44E-FA45A1FC4B57}.Debug|Any CPU.ActiveCfg = Debug|Any CPU
		{1EC034B6-9B02-4C55-A44E-FA45A1FC4B57}.Debug|Any CPU.Build.0 = Debug|Any CPU
		{1EC034B6-9B02-4C55-A44E-FA45A1FC4B57}.Release|Any CPU.ActiveCfg = Release|Any CPU
		{1EC034B6-9B02-4C55-A44E-FA45A1FC4B57}.Release|Any CPU.Build.0 = Release|Any CPU
	EndGlobalSection
	GlobalSection(SolutionProperties) = preSolution
		HideSolutionNode = FALSE
	EndGlobalSection
	GlobalSection(ExtensibilityGlobals) = postSolution
		SolutionGuid = {F80EBFAA-B64B-4ECD-8898-4DDAE9EA84DA}
	EndGlobalSection
EndGlobal
